{
  "name": "zetos",
  "lockfileVersion": 2,
  "requires": true,
  "packages": {
    "": {
      "dependencies": {
        "@openzeppelin/contracts": "^4.8.2",
        "pancake-v2-contracts": "^1.0.0"
      }
    },
    "node_modules/@openzeppelin/contracts": {
      "version": "4.8.2",
      "resolved": "https://registry.npmjs.org/@openzeppelin/contracts/-/contracts-4.8.2.tgz",
      "integrity": "sha512-kEUOgPQszC0fSYWpbh2kT94ltOJwj1qfT2DWo+zVttmGmf97JZ99LspePNaeeaLhCImaHVeBbjaQFZQn7+Zc5g=="
    },
    "node_modules/pancake-v2-contracts": {
      "version": "1.0.0",
      "resolved": "https://registry.npmjs.org/pancake-v2-contracts/-/pancake-v2-contracts-1.0.0.tgz",
      "integrity": "sha512-SjBM2E5rFad9r9KpTobwYVhFr/0KFwEeYKRG27TqRkg254hwsSBpv1FWvnzTgkTvs3HGng0246ZJTQq2LvOdvA=="
    }
  },
  "dependencies": {
    "@openzeppelin/contracts": {
      "version": "4.8.2",
      "resolved": "https://registry.npmjs.org/@openzeppelin/contracts/-/contracts-4.8.2.tgz",
      "integrity": "sha512-kEUOgPQszC0fSYWpbh2kT94ltOJwj1qfT2DWo+zVttmGmf97JZ99LspePNaeeaLhCImaHVeBbjaQFZQn7+Zc5g=="
    },
    "pancake-v2-contracts": {
      "version": "1.0.0",
      "resolved": "https://registry.npmjs.org/pancake-v2-contracts/-/pancake-v2-contracts-1.0.0.tgz",
      "integrity": "sha512-SjBM2E5rFad9r9KpTobwYVhFr/0KFwEeYKRG27TqRkg254hwsSBpv1FWvnzTgkTvs3HGng0246ZJTQq2LvOdvA=="
    }
  }
}
